// !$*UTF8*$!
{
	archiveVersion = 1;
	classes = {
	};
	objectVersion = 50;
	objects = {

/* Begin PBXBuildFile section */
		9EDE90122549976900944206 /* GradientPickerApp.swift in Sources */ = {isa = PBXBuildFile; fileRef = 9EDE90112549976900944206 /* GradientPickerApp.swift */; };
		9EDE90142549976900944206 /* ContentView.swift in Sources */ = {isa = PBXBuildFile; fileRef = 9EDE90132549976900944206 /* ContentView.swift */; };
		9EDE90162549976B00944206 /* Assets.xcassets in Resources */ = {isa = PBXBuildFile; fileRef = 9EDE90152549976B00944206 /* Assets.xcassets */; };
		9EDE90192549976B00944206 /* Preview Assets.xcassets in Resources */ = {isa = PBXBuildFile; fileRef = 9EDE90182549976B00944206 /* Preview Assets.xcassets */; };
		9EDE90252549977F00944206 /* Home.swift in Sources */ = {isa = PBXBuildFile; fileRef = 9EDE90242549977F00944206 /* Home.swift */; };
		9EDE902925499E4D00944206 /* Gradient.swift in Sources */ = {isa = PBXBuildFile; fileRef = 9EDE902825499E4D00944206 /* Gradient.swift */; };
		9EDE902C2549A89C00944206 /* ColorCard.swift in Sources */ = {isa = PBXBuildFile; fileRef = 9EDE902B2549A89C00944206 /* ColorCard.swift */; };
/* End PBXBuildFile section */

/* Begin PBXFileReference section */
		9EDE900E2549976900944206 /* GradientPicker.app */ = {isa = PBXFileReference; explicitFileType = wrapper.application; includeInIndex = 0; path = GradientPicker.app; sourceTree = BUILT_PRODUCTS_DIR; };
		9EDE90112549976900944206 /* GradientPickerApp.swift */ = {isa = PBXFileReference; lastKnownFileType = sourcecode.swift; path = GradientPickerApp.swift; sourceTree = "<group>"; };
		9EDE90132549976900944206 /* ContentView.swift */ = {isa = PBXFileReference; lastKnownFileType = sourcecode.swift; path = ContentView.swift; sourceTree = "<group>"; };
		9EDE90152549976B00944206 /* Assets.xcassets */ = {isa = PBXFileReference; lastKnownFileType = folder.assetcatalog; path = Assets.xcassets; sourceTree = "<group>"; };
		9EDE90182549976B00944206 /* Preview Assets.xcassets */ = {isa = PBXFileReference; lastKnownFileType = folder.assetcatalog; path = "Preview Assets.xcassets"; sourceTree = "<group>"; };
		9EDE901A2549976B00944206 /* Info.plist */ = {isa = PBXFileReference; lastKnownFileType = text.plist.xml; path = Info.plist; sourceTree = "<group>"; };
		9EDE90242549977F00944206 /* Home.swift */ = {isa = PBXFileReference; lastKnownFileType = sourcecode.swift; path = Home.swift; sourceTree = "<group>"; };
		9EDE902825499E4D00944206 /* Gradient.swift */ = {isa = PBXFileReference; lastKnownFileType = sourcecode.swift; path = Gradient.swift; sourceTree = "<group>"; };
		9EDE902B2549A89C00944206 /* ColorCard.swift */ = {isa = PBXFileReference; lastKnownFileType = sourcecode.swift; path = ColorCard.swift; sourceTree = "<group>"; };
/* End PBXFileReference section */

/* Begin PBXFrameworksBuildPhase section */
		9EDE900B2549976900944206 /* Frameworks */ = {
			isa = PBXFrameworksBuildPhase;
			buildActionMask = 2147483647;
			files = (
			);
			runOnlyForDeploymentPostprocessing = 0;
		};
/* End PBXFrameworksBuildPhase section */

/* Begin PBXGroup section */
		9EDE90052549976900944206 = {
			isa = PBXGroup;
			children = (
				9EDE90102549976900944206 /* GradientPicker */,
				9EDE900F2549976900944206 /* Products */,
			);
			sourceTree = "<group>";
		};
		9EDE900F2549976900944206 /* Products */ = {
			isa = PBXGroup;
			children = (
				9EDE900E2549976900944206 /* GradientPicker.app */,
			);
			name = Products;
			sourceTree = "<group>";
		};
		9EDE90102549976900944206 /* GradientPicker */ = {
			isa = PBXGroup;
			children = (
				9EDE90232549977500944206 /* Model */,
				9EDE90212549977000944206 /* View */,
				9EDE90112549976900944206 /* GradientPickerApp.swift */,
				9EDE90132549976900944206 /* ContentView.swift */,
				9EDE90152549976B00944206 /* Assets.xcassets */,
				9EDE901A2549976B00944206 /* Info.plist */,
				9EDE90172549976B00944206 /* Preview Content */,
			);
			path = GradientPicker;
			sourceTree = "<group>";
		};
		9EDE90172549976B00944206 /* Preview Content */ = {
			isa = PBXGroup;
			children = (
				9EDE90182549976B00944206 /* Preview Assets.xcassets */,
			);
			path = "Preview Content";
			sourceTree = "<group>";
		};
		9EDE90212549977000944206 /* View */ = {
			isa = PBXGroup;
			children = (
				9EDE90242549977F00944206 /* Home.swift */,
				9EDE902B2549A89C00944206 /* ColorCard.swift */,
			);
			path = View;
			sourceTree = "<group>";
		};
		9EDE90232549977500944206 /* Model */ = {
			isa = PBXGroup;
			children = (
				9EDE902825499E4D00944206 /* Gradient.swift */,
			);
			path = Model;
			sourceTree = "<group>";
		};
/* End PBXGroup section */

/* Begin PBXNativeTarget section */
		9EDE900D2549976900944206 /* GradientPicker */ = {
			isa = PBXNativeTarget;
			buildConfigurationList = 9EDE901D2549976B00944206 /* Build configuration list for PBXNativeTarget "GradientPicker" */;
			buildPhases = (
				9EDE900A2549976900944206 /* Sources */,
				9EDE900B2549976900944206 /* Frameworks */,
				9EDE900C2549976900944206 /* Resources */,
			);
			buildRules = (
			);
			dependencies = (
			);
			name = GradientPicker;
			productName = GradientPicker;
			productReference = 9EDE900E2549976900944206 /* GradientPicker.app */;
			productType = "com.apple.product-type.application";
		};
/* End PBXNativeTarget section */

/* Begin PBXProject section */
		9EDE90062549976900944206 /* Project object */ = {
			isa = PBXProject;
			attributes = {
				LastSwiftUpdateCheck = 1210;
				LastUpgradeCheck = 1210;
				TargetAttributes = {
					9EDE900D2549976900944206 = {
						CreatedOnToolsVersion = 12.1;
					};
				};
			};
			buildConfigurationList = 9EDE90092549976900944206 /* Build configuration list for PBXProject "GradientPicker" */;
			compatibilityVersion = "Xcode 9.3";
			developmentRegion = en;
			hasScannedForEncodings = 0;
			knownRegions = (
				en,
				Base,
			);
			mainGroup = 9EDE90052549976900944206;
			productRefGroup = 9EDE900F2549976900944206 /* Products */;
			projectDirPath = "";
			projectRoot = "";
			targets = (
				9EDE900D2549976900944206 /* GradientPicker */,
			);
		};
/* End PBXProject section */

/* Begin PBXResourcesBuildPhase section */
		9EDE900C2549976900944206 /* Resources */ = {
			isa = PBXResourcesBuildPhase;
			buildActionMask = 2147483647;
			files = (
				9EDE90192549976B00944206 /* Preview Assets.xcassets in Resources */,
				9EDE90162549976B00944206 /* Assets.xcassets in Resources */,
			);
			runOnlyForDeploymentPostprocessing = 0;
		};
/* End PBXResourcesBuildPhase section */

/* Begin PBXSourcesBuildPhase section */
		9EDE900A2549976900944206 /* Sources */ = {
			isa = PBXSourcesBuildPhase;
			buildActionMask = 2147483647;
			files = (
				9EDE90142549976900944206 /* ContentView.swift in Sources */,
				9EDE90252549977F00944206 /* Home.swift in Sources */,
				9EDE90122549976900944206 /* GradientPickerApp.swift in Sources */,
				9EDE902925499E4D00944206 /* Gradient.swift in Sources */,
				9EDE902C2549A89C00944206 /* ColorCard.swift in Sources */,
			);
			runOnlyForDeploymentPostprocessing = 0;
		};
/* End PBXSourcesBuildPhase section */

/* Begin XCBuildConfiguration section */
		9EDE901B2549976B00944206 /* Debug */ = {
			isa = XCBuildConfiguration;
			buildSettings = {
				ALWAYS_SEARCH_USER_PATHS = NO;
				CLANG_ANALYZER_NONNULL = YES;
				CLANG_ANALYZER_NUMBER_OBJECT_CONVERSION = YES_AGGRESSIVE;
				CLANG_CXX_LANGUAGE_STANDARD = "gnu++14";
				CLANG_CXX_LIBRARY = "libc++";
				CLANG_ENABLE_MODULES = YES;
				CLANG_ENABLE_OBJC_ARC = YES;
				CLANG_ENABLE_OBJC_WEAK = YES;
				CLANG_WARN_BLOCK_CAPTURE_AUTORELEASING = YES;
				CLANG_WARN_BOOL_CONVERSION = YES;
				CLANG_WARN_COMMA = YES;
				CLANG_WARN_CONSTANT_CONVERSION = YES;
				CLANG_WARN_DEPRECATED_OBJC_IMPLEMENTATIONS = YES;
				CLANG_WARN_DIRECT_OBJC_ISA_USAGE = YES_ERROR;
				CLANG_WARN_DOCUMENTATION_COMMENTS = YES;
				CLANG_WARN_EMPTY_BODY = YES;
				CLANG_WARN_ENUM_CONVERSION = YES;
				CLANG_WARN_INFINITE_RECURSION = YES;
				CLANG_WARN_INT_CONVERSION = YES;
				CLANG_WARN_NON_LITERAL_NULL_CONVERSION = YES;
				CLANG_WARN_OBJC_IMPLICIT_RETAIN_SELF = YES;
				CLANG_WARN_OBJC_LITERAL_CONVERSION = YES;
				CLANG_WARN_OBJC_ROOT_CLASS = YES_ERROR;
				CLANG_WARN_QUOTED_INCLUDE_IN_FRAMEWORK_HEADER = YES;
				CLANG_WARN_RANGE_LOOP_ANALYSIS = YES;
				CLANG_WARN_STRICT_PROTOTYPES = YES;
				CLANG_WARN_SUSPICIOUS_MOVE = YES;
				CLANG_WARN_UNGUARDED_AVAILABILITY = YES_AGGRESSIVE;
				CLANG_WARN_UNREACHABLE_CODE = YES;
				CLANG_WARN__DUPLICATE_METHOD_MATCH = YES;
				COPY_PHASE_STRIP = NO;
				DEBUG_INFORMATION_FORMAT = dwarf;
				ENABLE_STRICT_OBJC_MSGSEND = YES;
				ENABLE_TESTABILITY = YES;
				GCC_C_LANGUAGE_STANDARD = gnu11;
				GCC_DYNAMIC_NO_PIC = NO;
				GCC_NO_COMMON_BLOCKS = YES;
				GCC_OPTIMIZATION_LEVEL = 0;
				GCC_PREPROCESSOR_DEFINITIONS = (
					"DEBUG=1",
					"$(inherited)",
				);
				GCC_WARN_64_TO_32_BIT_CONVERSION = YES;
				GCC_WARN_ABOUT_RETURN_TYPE = YES_ERROR;
				GCC_WARN_UNDECLARED_SELECTOR = YES;
				GCC_WARN_UNINITIALIZED_AUTOS = YES_AGGRESSIVE;
				GCC_WARN_UNUSED_FUNCTION = YES;
				GCC_WARN_UNUSED_VARIABLE = YES;
				IPHONEOS_DEPLOYMENT_TARGET = 14.1;
				MTL_ENABLE_DEBUG_INFO = INCLUDE_SOURCE;
				MTL_FAST_MATH = YES;
				ONLY_ACTIVE_ARCH = YES;
				SDKROOT = iphoneos;
				SWIFT_ACTIVE_COMPILATION_CONDITIONS = DEBUG;
				SWIFT_OPTIMIZATION_LEVEL = "-Onone";
			};
			name = Debug;
		};
		9EDE901C2549976B00944206 /* Release */ = {
			isa = XCBuildConfiguration;
			buildSettings = {
				ALWAYS_SEARCH_USER_PATHS = NO;
				CLANG_ANALYZER_NONNULL = YES;
				CLANG_ANALYZER_NUMBER_OBJECT_CONVERSION = YES_AGGRESSIVE;
				CLANG_CXX_LANGUAGE_STANDARD = "gnu++14";
				CLANG_CXX_LIBRARY = "libc++";
				CLANG_ENABLE_MODULES = YES;
				CLANG_ENABLE_OBJC_ARC = YES;
				CLANG_ENABLE_OBJC_WEAK = YES;
				CLANG_WARN_BLOCK_CAPTURE_AUTORELEASING = YES;
				CLANG_WARN_BOOL_CONVERSION = YES;
				CLANG_WARN_COMMA = YES;
				CLANG_WARN_CONSTANT_CONVERSION = YES;
				CLANG_WARN_DEPRECATED_OBJC_IMPLEMENTATIONS = YES;
				CLANG_WARN_DIRECT_OBJC_ISA_USAGE = YES_ERROR;
				CLANG_WARN_DOCUMENTATION_COMMENTS = YES;
				CLANG_WARN_EMPTY_BODY = YES;
				CLANG_WARN_ENUM_CONVERSION = YES;
				CLANG_WARN_INFINITE_RECURSION = YES;
				CLANG_WARN_INT_CONVERSION = YES;
				CLANG_WARN_NON_LITERAL_NULL_CONVERSION = YES;
				CLANG_WARN_OBJC_IMPLICIT_RETAIN_SELF = YES;
				CLANG_WARN_OBJC_LITERAL_CONVERSION = YES;
				CLANG_WARN_OBJC_ROOT_CLASS = YES_ERROR;
				CLANG_WARN_QUOTED_INCLUDE_IN_FRAMEWORK_HEADER = YES;
				CLANG_WARN_RANGE_LOOP_ANALYSIS = YES;
				CLANG_WARN_STRICT_PROTOTYPES = YES;
				CLANG_WARN_SUSPICIOUS_MOVE = YES;
				CLANG_WARN_UNGUARDED_AVAILABILITY = YES_AGGRESSIVE;
				CLANG_WARN_UNREACHABLE_CODE = YES;
				CLANG_WARN__DUPLICATE_METHOD_MATCH = YES;
				COPY_PHASE_STRIP = NO;
				DEBUG_INFORMATION_FORMAT = "dwarf-with-dsym";
				ENABLE_NS_ASSERTIONS = NO;
				ENABLE_STRICT_OBJC_MSGSEND = YES;
				GCC_C_LANGUAGE_STANDARD = gnu11;
				GCC_NO_COMMON_BLOCKS = YES;
				GCC_WARN_64_TO_32_BIT_CONVERSION = YES;
				GCC_WARN_ABOUT_RETURN_TYPE = YES_ERROR;
				GCC_WARN_UNDECLARED_SELECTOR = YES;
				GCC_WARN_UNINITIALIZED_AUTOS = YES_AGGRESSIVE;
				GCC_WARN_UNUSED_FUNCTION = YES;
				GCC_WARN_UNUSED_VARIABLE = YES;
				IPHONEOS_DEPLOYMENT_TARGET = 14.1;
				MTL_ENABLE_DEBUG_INFO = NO;
				MTL_FAST_MATH = YES;
				SDKROOT = iphoneos;
				SWIFT_COMPILATION_MODE = wholemodule;
				SWIFT_OPTIMIZATION_LEVEL = "-O";
				VALIDATE_PRODUCT = YES;
			};
			name = Release;
		};
		9EDE901E2549976B00944206 /* Debug */ = {
			isa = XCBuildConfiguration;
			buildSettings = {
				ASSETCATALOG_COMPILER_APPICON_NAME = AppIcon;
				ASSETCATALOG_COMPILER_GLOBAL_ACCENT_COLOR_NAME = AccentColor;
				CODE_SIGN_STYLE = Automatic;
				DEVELOPMENT_ASSET_PATHS = "\"GradientPicker/Preview Content\"";
				DEVELOPMENT_TEAM = 4YGTHSUB42;
				ENABLE_PREVIEWS = YES;
				INFOPLIST_FILE = GradientPicker/Info.plist;
				IPHONEOS_DEPLOYMENT_TARGET = 14.0;
				LD_RUNPATH_SEARCH_PATHS = (
					"$(inherited)",
					"@executable_path/Frameworks",
				);
				PRODUCT_BUNDLE_IDENTIFIER = MaximMacari.GradientPicker;
				PRODUCT_NAME = "$(TARGET_NAME)";
				SWIFT_VERSION = 5.0;
				TARGETED_DEVICE_FAMILY = "1,2";
			};
			name = Debug;
		};
		9EDE901F2549976B00944206 /* Release */ = {
			isa = XCBuildConfiguration;
			buildSettings = {
				ASSETCATALOG_COMPILER_APPICON_NAME = AppIcon;
				ASSETCATALOG_COMPILER_GLOBAL_ACCENT_COLOR_NAME = AccentColor;
				CODE_SIGN_STYLE = Automatic;
				DEVELOPMENT_ASSET_PATHS = "\"GradientPicker/Preview Content\"";
				DEVELOPMENT_TEAM = 4YGTHSUB42;
				ENABLE_PREVIEWS = YES;
				INFOPLIST_FILE = GradientPicker/Info.plist;
				IPHONEOS_DEPLOYMENT_TARGET = 14.0;
				LD_RUNPATH_SEARCH_PATHS = (
					"$(inherited)",
					"@executable_path/Frameworks",
				);
				PRODUCT_BUNDLE_IDENTIFIER = MaximMacari.GradientPicker;
				PRODUCT_NAME = "$(TARGET_NAME)";
				SWIFT_VERSION = 5.0;
				TARGETED_DEVICE_FAMILY = "1,2";
			};
			name = Release;
		};
/* End XCBuildConfiguration section */

/* Begin XCConfigurationList section */
		9EDE90092549976900944206 /* Build configuration list for PBXProject "GradientPicker" */ = {
			isa = XCConfigurationList;
			buildConfigurations = (
				9EDE901B2549976B00944206 /* Debug */,
				9EDE901C2549976B00944206 /* Release */,
			);
			defaultConfigurationIsVisible = 0;
			defaultConfigurationName = Release;
		};
		9EDE901D2549976B00944206 /* Build configuration list for PBXNativeTarget "GradientPicker" */ = {
			isa = XCConfigurationList;
			buildConfigurations = (
				9EDE901E2549976B00944206 /* Debug */,
				9EDE901F2549976B00944206 /* Release */,
			);
			defaultConfigurationIsVisible = 0;
			defaultConfigurationName = Release;
		};
/* End XCConfigurationList section */
	};
	rootObject = 9EDE90062549976900944206 /* Project object */;
}
